
Microsoft Visual Studio Solution File, Format Version 12.00
# Visual Studio Version 17
VisualStudioVersion = 17.9.34714.143
MinimumVisualStudioVersion = 10.0.40219.1
Project("{2150E333-8FDC-42A3-9474-1A3956D46DE8}") = "src", "src", "{259F3428-5A73-4C1F-85A3-6795EF0B18F9}"
EndProject
Project("{9A19103F-16F7-4668-BE54-9A1E7A4F7556}") = "Game-Store.MVC", "src\Game-Store\Game-Store.MVC.csproj", "{A588F3EF-7640-4553-8B06-EEE67017C39F}"
EndProject
Project("{9A19103F-16F7-4668-BE54-9A1E7A4F7556}") = "Game-Store.Application", "src\Game-Store.Application\Game-Store.Application.csproj", "{800BF995-B295-4781-B36D-DE55CF544B03}"
EndProject
Project("{9A19103F-16F7-4668-BE54-9A1E7A4F7556}") = "Game-Store.Domain", "src\Game-Store.Domain\Game-Store.Domain.csproj", "{070E0645-A2F8-44A3-9C09-B3BA10CFF9D8}"
EndProject
Project("{9A19103F-16F7-4668-BE54-9A1E7A4F7556}") = "Game-Store.Infrastructure", "src\Game-Store.Infrastructure\Game-Store.Infrastructure.csproj", "{51547435-0203-48A2-868F-C9AD26F3568E}"
EndProject
Project("{2150E333-8FDC-42A3-9474-1A3956D46DE8}") = "Persistance", "Persistance", "{B704EF79-AAD5-403B-976A-0E111483A0D0}"
EndProject
Project("{9A19103F-16F7-4668-BE54-9A1E7A4F7556}") = "GameStore.API", "GameStore.API\GameStore.API.csproj", "{05EBF926-77B6-496F-9D7F-B673178A478C}"
EndProject
Global
	GlobalSection(SolutionConfigurationPlatforms) = preSolution
		Debug|Any CPU = Debug|Any CPU
		Release|Any CPU = Release|Any CPU
	EndGlobalSection
	GlobalSection(ProjectConfigurationPlatforms) = postSolution
		{A588F3EF-7640-4553-8B06-EEE67017C39F}.Debug|Any CPU.ActiveCfg = Debug|Any CPU
		{A588F3EF-7640-4553-8B06-EEE67017C39F}.Debug|Any CPU.Build.0 = Debug|Any CPU
		{A588F3EF-7640-4553-8B06-EEE67017C39F}.Release|Any CPU.ActiveCfg = Release|Any CPU
		{A588F3EF-7640-4553-8B06-EEE67017C39F}.Release|Any CPU.Build.0 = Release|Any CPU
		{800BF995-B295-4781-B36D-DE55CF544B03}.Debug|Any CPU.ActiveCfg = Debug|Any CPU
		{800BF995-B295-4781-B36D-DE55CF544B03}.Debug|Any CPU.Build.0 = Debug|Any CPU
		{800BF995-B295-4781-B36D-DE55CF544B03}.Release|Any CPU.ActiveCfg = Release|Any CPU
		{800BF995-B295-4781-B36D-DE55CF544B03}.Release|Any CPU.Build.0 = Release|Any CPU
		{070E0645-A2F8-44A3-9C09-B3BA10CFF9D8}.Debug|Any CPU.ActiveCfg = Debug|Any CPU
		{070E0645-A2F8-44A3-9C09-B3BA10CFF9D8}.Debug|Any CPU.Build.0 = Debug|Any CPU
		{070E0645-A2F8-44A3-9C09-B3BA10CFF9D8}.Release|Any CPU.ActiveCfg = Release|Any CPU
		{070E0645-A2F8-44A3-9C09-B3BA10CFF9D8}.Release|Any CPU.Build.0 = Release|Any CPU
		{51547435-0203-48A2-868F-C9AD26F3568E}.Debug|Any CPU.ActiveCfg = Debug|Any CPU
		{51547435-0203-48A2-868F-C9AD26F3568E}.Debug|Any CPU.Build.0 = Debug|Any CPU
		{51547435-0203-48A2-868F-C9AD26F3568E}.Release|Any CPU.ActiveCfg = Release|Any CPU
		{51547435-0203-48A2-868F-C9AD26F3568E}.Release|Any CPU.Build.0 = Release|Any CPU
		{05EBF926-77B6-496F-9D7F-B673178A478C}.Debug|Any CPU.ActiveCfg = Debug|Any CPU
		{05EBF926-77B6-496F-9D7F-B673178A478C}.Debug|Any CPU.Build.0 = Debug|Any CPU
		{05EBF926-77B6-496F-9D7F-B673178A478C}.Release|Any CPU.ActiveCfg = Release|Any CPU
		{05EBF926-77B6-496F-9D7F-B673178A478C}.Release|Any CPU.Build.0 = Release|Any CPU
	EndGlobalSection
	GlobalSection(SolutionProperties) = preSolution
		HideSolutionNode = FALSE
	EndGlobalSection
	GlobalSection(NestedProjects) = preSolution
		{A588F3EF-7640-4553-8B06-EEE67017C39F} = {B704EF79-AAD5-403B-976A-0E111483A0D0}
		{800BF995-B295-4781-B36D-DE55CF544B03} = {259F3428-5A73-4C1F-85A3-6795EF0B18F9}
		{070E0645-A2F8-44A3-9C09-B3BA10CFF9D8} = {259F3428-5A73-4C1F-85A3-6795EF0B18F9}
		{51547435-0203-48A2-868F-C9AD26F3568E} = {259F3428-5A73-4C1F-85A3-6795EF0B18F9}
		{B704EF79-AAD5-403B-976A-0E111483A0D0} = {259F3428-5A73-4C1F-85A3-6795EF0B18F9}
		{05EBF926-77B6-496F-9D7F-B673178A478C} = {B704EF79-AAD5-403B-976A-0E111483A0D0}
	EndGlobalSection
	GlobalSection(ExtensibilityGlobals) = postSolution
		SolutionGuid = {21D3E880-3B74-46BA-B34C-E399C6A5F3F6}
	EndGlobalSection
EndGlobal
